
Microsoft Visual Studio Solution File, Format Version 12.00
# Visual Studio 15
VisualStudioVersion = 15.0.26228.4
MinimumVisualStudioVersion = 10.0.40219.1
Project("{FAE04EC0-301F-11D3-BF4B-00C04F79EFBC}") = "BackupGrafana", "BackupGrafana\BackupGrafana.csproj", "{70CA7213-570A-42AC-A10B-474D5F16F172}"
EndProject
Global
	GlobalSection(SolutionConfigurationPlatforms) = preSolution
		Debug|Any CPU = Debug|Any CPU
		Release|Any CPU = Release|Any CPU
	EndGlobalSection
	GlobalSection(ProjectConfigurationPlatforms) = postSolution
		{70CA7213-570A-42AC-A10B-474D5F16F172}.Debug|Any CPU.ActiveCfg = Debug|Any CPU
		{70CA7213-570A-42AC-A10B-474D5F16F172}.Debug|Any CPU.Build.0 = Debug|Any CPU
		{70CA7213-570A-42AC-A10B-474D5F16F172}.Release|Any CPU.ActiveCfg = Release|Any CPU
		{70CA7213-570A-42AC-A10B-474D5F16F172}.Release|Any CPU.Build.0 = Release|Any CPU
	EndGlobalSection
	GlobalSection(SolutionProperties) = preSolution
		HideSolutionNode = FALSE
	EndGlobalSection
EndGlobal
